{
  "name": "angular-demo",
  "version": "1.0.0",
  "lockfileVersion": 1,
  "requires": true,
  "dependencies": {
    "@angular/common": {
      "version": "2.3.1",
      "resolved": "https://registry.npmjs.org/@angular/common/-/common-2.3.1.tgz",
      "integrity": "sha1-FGwu1E4CsPKR3Z1LLl4qaTBX6bw="
    },
    "@angular/compiler": {
      "version": "2.3.1",
      "resolved": "https://registry.npmjs.org/@angular/compiler/-/compiler-2.3.1.tgz",
      "integrity": "sha1-DFf4SOQUMrrDIBwptkXdTdCZ0vk="
    },
    "@angular/core": {
      "version": "2.3.1",
      "resolved": "https://registry.npmjs.org/@angular/core/-/core-2.3.1.tgz",
      "integrity": "sha1-vm6R/f3XSYUGYEJj4FF5fPZ6R74="
    },
    "@angular/forms": {
      "version": "2.3.1",
      "resolved": "https://registry.npmjs.org/@angular/forms/-/forms-2.3.1.tgz",
      "integrity": "sha1-IXfgUTxRd/xuTRQEc+e58Lnf0Gk="
    },
    "@angular/http": {
      "version": "2.3.1",
      "resolved": "https://registry.npmjs.org/@angular/http/-/http-2.3.1.tgz",
      "integrity": "sha1-PdqFdx3M6knV4IpHNmpxaONDUUE="
    },
    "@angular/platform-browser": {
      "version": "2.3.1",
      "resolved": "https://registry.npmjs.org/@angular/platform-browser/-/platform-browser-2.3.1.tgz",
      "integrity": "sha1-EUMJFQh2GI4N+IQbIMojWf1efK0="
    },
    "@angular/platform-browser-dynamic": {
      "version": "2.3.1",
      "resolved": "https://registry.npmjs.org/@angular/platform-browser-dynamic/-/platform-browser-dynamic-2.3.1.tgz",
      "integrity": "sha1-0B88DCXGKL6DwwjoPVMSgiL1WPo="
    },
    "@angular/router": {
      "version": "3.3.1",
      "resolved": "https://registry.npmjs.org/@angular/router/-/router-3.3.1.tgz",
      "integrity": "sha1-e64B0WUjL1u1uOwB4ilD5E60r4g="
    },
    "angular-in-memory-web-api": {
      "version": "0.2.5",
      "resolved": "https://registry.npmjs.org/angular-in-memory-web-api/-/angular-in-memory-web-api-0.2.5.tgz",
      "integrity": "sha1-vVmexvW4b6UXPde7VxDzk+gE3QU="
    },
    "core-js": {
      "version": "2.5.3",
      "resolved": "https://registry.npmjs.org/core-js/-/core-js-2.5.3.tgz",
      "integrity": "sha1-isw4NFgk8W2DZbfJtCWRaOjtYD4="
    },
    "npm-start-command": {
      "version": "0.2.0",
      "resolved": "https://registry.npmjs.org/npm-start-command/-/npm-start-command-0.2.0.tgz",
      "integrity": "sha1-Sm+J2lupQxz7D45B2c0i/x728MI=",
      "dev": true
    },
    "reflect-metadata": {
      "version": "0.1.12",
      "resolved": "https://registry.npmjs.org/reflect-metadata/-/reflect-metadata-0.1.12.tgz",
      "integrity": "sha512-n+IyV+nGz3+0q3/Yf1ra12KpCyi001bi4XFxSjbiWWjfqb52iTTtpGXmCCAOWWIAn9KEuFZKGqBERHmrtScZ3A=="
    },
    "rxjs": {
      "version": "5.0.0-rc.4",
      "resolved": "https://registry.npmjs.org/rxjs/-/rxjs-5.0.0-rc.4.tgz",
      "integrity": "sha1-pNCLxdfzDUjtcTDimVSQwyajJcQ=",
      "requires": {
        "symbol-observable": "1.2.0"
      }
    },
    "symbol-observable": {
      "version": "1.2.0",
      "resolved": "https://registry.npmjs.org/symbol-observable/-/symbol-observable-1.2.0.tgz",
      "integrity": "sha512-e900nM8RRtGhlV36KGEU9k65K3mPb1WV70OdjfxlG2EAuM1noi/E/BaW/uMhL7bPEssK8QV57vN3esixjUvcXQ=="
    },
    "systemjs": {
      "version": "0.19.40",
      "resolved": "https://registry.npmjs.org/systemjs/-/systemjs-0.19.40.tgz",
      "integrity": "sha1-FY9kqfTvVBp/2mtA5SfuRrbFTNA=",
      "requires": {
        "when": "3.7.8"
      }
    },
    "typescript": {
      "version": "2.0.10",
      "resolved": "https://registry.npmjs.org/typescript/-/typescript-2.0.10.tgz",
      "integrity": "sha1-zN1O2G/VVQpAcQGggUAS4bP6w90=",
      "dev": true
    },
    "when": {
      "version": "3.7.8",
      "resolved": "https://registry.npmjs.org/when/-/when-3.7.8.tgz",
      "integrity": "sha1-xxMLan6gRpPoQs3J56Hyqjmjn4I="
    },
    "zone.js": {
      "version": "0.7.8",
      "resolved": "https://registry.npmjs.org/zone.js/-/zone.js-0.7.8.tgz",
      "integrity": "sha1-Tz/og01EWX8mOQU6D6Q43zT//e0="
    }
  }
}
